
Microsoft Visual Studio Solution File, Format Version 12.00
# Visual Studio Version 16
VisualStudioVersion = 16.0.30406.217
MinimumVisualStudioVersion = 10.0.40219.1
Project("{FAE04EC0-301F-11D3-BF4B-00C04F79EFBC}") = "lisatehtava", "lisatehtava.csproj", "{5EFB4B9B-FE13-4AF5-A427-1BCB7048522B}"
EndProject
Global
	GlobalSection(SolutionConfigurationPlatforms) = preSolution
		Debug|Any CPU = Debug|Any CPU
		Release|Any CPU = Release|Any CPU
	EndGlobalSection
	GlobalSection(ProjectConfigurationPlatforms) = postSolution
		{5EFB4B9B-FE13-4AF5-A427-1BCB7048522B}.Debug|Any CPU.ActiveCfg = Debug|Any CPU
		{5EFB4B9B-FE13-4AF5-A427-1BCB7048522B}.Debug|Any CPU.Build.0 = Debug|Any CPU
		{5EFB4B9B-FE13-4AF5-A427-1BCB7048522B}.Release|Any CPU.ActiveCfg = Release|Any CPU
		{5EFB4B9B-FE13-4AF5-A427-1BCB7048522B}.Release|Any CPU.Build.0 = Release|Any CPU
	EndGlobalSection
	GlobalSection(SolutionProperties) = preSolution
		HideSolutionNode = FALSE
	EndGlobalSection
	GlobalSection(ExtensibilityGlobals) = postSolution
		SolutionGuid = {8CE770D3-AE7D-4A02-85DA-21EF37FEC490}
	EndGlobalSection
EndGlobal
